// !$*UTF8*$!
{
	archiveVersion = 1;
	classes = {
	};
	objectVersion = 56;
	objects = {

/* Begin PBXBuildFile section */
		D33F60A22B8D68F300C1B2A8 /* Alamofire in Frameworks */ = {isa = PBXBuildFile; productRef = D33F60A12B8D68F300C1B2A8 /* Alamofire */; };
		D33F60A42B8D698900C1B2A8 /* BaseTarget.swift in Sources */ = {isa = PBXBuildFile; fileRef = D33F60A32B8D698900C1B2A8 /* BaseTarget.swift */; };
		D33F60A62B8D69C400C1B2A8 /* BaseService.swift in Sources */ = {isa = PBXBuildFile; fileRef = D33F60A52B8D69C400C1B2A8 /* BaseService.swift */; };
		D33F60A82B8D6A5B00C1B2A8 /* MoviesTarget.swift in Sources */ = {isa = PBXBuildFile; fileRef = D33F60A72B8D6A5B00C1B2A8 /* MoviesTarget.swift */; };
		D33F60AA2B8D6B8800C1B2A8 /* MoviesService.swift in Sources */ = {isa = PBXBuildFile; fileRef = D33F60A92B8D6B8800C1B2A8 /* MoviesService.swift */; };
		D346A7242B8E4C9000393153 /* MovieDetailsViewModel.swift in Sources */ = {isa = PBXBuildFile; fileRef = D346A7232B8E4C9000393153 /* MovieDetailsViewModel.swift */; };
		D346A7272B8E642200393153 /* AlamofireImage in Frameworks */ = {isa = PBXBuildFile; productRef = D346A7262B8E642200393153 /* AlamofireImage */; };
		D353A06C2B8FA5A700AC57A9 /* Enums.swift in Sources */ = {isa = PBXBuildFile; fileRef = D353A06B2B8FA5A700AC57A9 /* Enums.swift */; };
		D370107C2B8FD7A100A0024A /* MovieStreamingView.swift in Sources */ = {isa = PBXBuildFile; fileRef = D370107B2B8FD7A100A0024A /* MovieStreamingView.swift */; };
		D370107E2B8FD9FE00A0024A /* MovieBuyView.swift in Sources */ = {isa = PBXBuildFile; fileRef = D370107D2B8FD9FE00A0024A /* MovieBuyView.swift */; };
		D37010812B8FDDE500A0024A /* SimilarMoviesView.swift in Sources */ = {isa = PBXBuildFile; fileRef = D37010802B8FDDE500A0024A /* SimilarMoviesView.swift */; };
		D37010832B8FE0A400A0024A /* MovieCrewView.swift in Sources */ = {isa = PBXBuildFile; fileRef = D37010822B8FE0A400A0024A /* MovieCrewView.swift */; };
		D3A25FAA2B8ACDB5009D8D2B /* AppDelegate.swift in Sources */ = {isa = PBXBuildFile; fileRef = D3A25FA92B8ACDB5009D8D2B /* AppDelegate.swift */; };
		D3A25FAC2B8ACDB5009D8D2B /* SceneDelegate.swift in Sources */ = {isa = PBXBuildFile; fileRef = D3A25FAB2B8ACDB5009D8D2B /* SceneDelegate.swift */; };
		D3A25FAE2B8ACDB5009D8D2B /* ViewController.swift in Sources */ = {isa = PBXBuildFile; fileRef = D3A25FAD2B8ACDB5009D8D2B /* ViewController.swift */; };
		D3A25FB32B8ACDB6009D8D2B /* Assets.xcassets in Resources */ = {isa = PBXBuildFile; fileRef = D3A25FB22B8ACDB6009D8D2B /* Assets.xcassets */; };
		D3A25FB62B8ACDB6009D8D2B /* LaunchScreen.storyboard in Resources */ = {isa = PBXBuildFile; fileRef = D3A25FB42B8ACDB6009D8D2B /* LaunchScreen.storyboard */; };
		D3A25FDD2B8AD5DA009D8D2B /* BaseVC.swift in Sources */ = {isa = PBXBuildFile; fileRef = D3A25FDC2B8AD5DA009D8D2B /* BaseVC.swift */; };
		D3A25FDF2B8AD700009D8D2B /* LoadingDialogVC.swift in Sources */ = {isa = PBXBuildFile; fileRef = D3A25FDE2B8AD700009D8D2B /* LoadingDialogVC.swift */; };
		D3A25FE32B8AD819009D8D2B /* UIColor+Extensions.swift in Sources */ = {isa = PBXBuildFile; fileRef = D3A25FE22B8AD819009D8D2B /* UIColor+Extensions.swift */; };
		D3A25FE92B8ADCB1009D8D2B /* DialogModel.swift in Sources */ = {isa = PBXBuildFile; fileRef = D3A25FE82B8ADCB1009D8D2B /* DialogModel.swift */; };
		D3A25FEB2B8ADDBE009D8D2B /* Constants.swift in Sources */ = {isa = PBXBuildFile; fileRef = D3A25FEA2B8ADDBE009D8D2B /* Constants.swift */; };
		D3A25FEF2B8AE169009D8D2B /* MoviesVC.swift in Sources */ = {isa = PBXBuildFile; fileRef = D3A25FEE2B8AE169009D8D2B /* MoviesVC.swift */; };
		D3A25FFA2B8C2E4E009D8D2B /* MoviesRequests.swift in Sources */ = {isa = PBXBuildFile; fileRef = D3A25FF92B8C2E4E009D8D2B /* MoviesRequests.swift */; };
		D3A260032B8C3701009D8D2B /* MoviesViewModel.swift in Sources */ = {isa = PBXBuildFile; fileRef = D3A260022B8C3701009D8D2B /* MoviesViewModel.swift */; };
		D3A260052B8C3BCE009D8D2B /* UIView+Extensions.swift in Sources */ = {isa = PBXBuildFile; fileRef = D3A260042B8C3BCE009D8D2B /* UIView+Extensions.swift */; };
		D3A260072B8C469D009D8D2B /* MoviesViewCell.swift in Sources */ = {isa = PBXBuildFile; fileRef = D3A260062B8C469D009D8D2B /* MoviesViewCell.swift */; };
		D3A260092B8C494D009D8D2B /* Utils.swift in Sources */ = {isa = PBXBuildFile; fileRef = D3A260082B8C494D009D8D2B /* Utils.swift */; };
		D3A2600D2B8C4D17009D8D2B /* BaseCoordinator.swift in Sources */ = {isa = PBXBuildFile; fileRef = D3A2600C2B8C4D17009D8D2B /* BaseCoordinator.swift */; };
		D3A2600F2B8C4D5C009D8D2B /* MoviesCoordinator.swift in Sources */ = {isa = PBXBuildFile; fileRef = D3A2600E2B8C4D5C009D8D2B /* MoviesCoordinator.swift */; };
		D3AF879B2B8FCAA400283786 /* UIViewController+Extensions.swift in Sources */ = {isa = PBXBuildFile; fileRef = D3AF879A2B8FCAA400283786 /* UIViewController+Extensions.swift */; };
		D3AF879D2B8FCF3600283786 /* MovieRentView.swift in Sources */ = {isa = PBXBuildFile; fileRef = D3AF879C2B8FCF3600283786 /* MovieRentView.swift */; };
		D3BF03AC2B8EA922003750FF /* MovieCrewCell.swift in Sources */ = {isa = PBXBuildFile; fileRef = D3BF03AB2B8EA922003750FF /* MovieCrewCell.swift */; };
		D3BF03AE2B8EB2FB003750FF /* SimilarFilmsCell.swift in Sources */ = {isa = PBXBuildFile; fileRef = D3BF03AD2B8EB2FB003750FF /* SimilarFilmsCell.swift */; };
		D3BF03B02B8EBE72003750FF /* WatchProviderCell.swift in Sources */ = {isa = PBXBuildFile; fileRef = D3BF03AF2B8EBE72003750FF /* WatchProviderCell.swift */; };
		D3BF03B62B8EF4B7003750FF /* VideoThumbnail.swift in Sources */ = {isa = PBXBuildFile; fileRef = D3BF03B52B8EF4B7003750FF /* VideoThumbnail.swift */; };
		D3BF03B82B8EFC22003750FF /* MovieThumbnailCell.swift in Sources */ = {isa = PBXBuildFile; fileRef = D3BF03B72B8EFC22003750FF /* MovieThumbnailCell.swift */; };
		D3C020E42B8D82BB003C237F /* Observable.swift in Sources */ = {isa = PBXBuildFile; fileRef = D3C020E32B8D82BB003C237F /* Observable.swift */; };
		D3C020E82B8DAAC9003C237F /* MovieDetailsVC.swift in Sources */ = {isa = PBXBuildFile; fileRef = D3C020E72B8DAAC9003C237F /* MovieDetailsVC.swift */; };
		D3C020EA2B8DC906003C237F /* MovieDetailsRequests.swift in Sources */ = {isa = PBXBuildFile; fileRef = D3C020E92B8DC906003C237F /* MovieDetailsRequests.swift */; };
/* End PBXBuildFile section */

/* Begin PBXContainerItemProxy section */
		D3A25FBD2B8ACDB6009D8D2B /* PBXContainerItemProxy */ = {
			isa = PBXContainerItemProxy;
			containerPortal = D3A25F9E2B8ACDB4009D8D2B /* Project object */;
			proxyType = 1;
			remoteGlobalIDString = D3A25FA52B8ACDB5009D8D2B;
			remoteInfo = TheMovieDB;
		};
		D3A25FC72B8ACDB6009D8D2B /* PBXContainerItemProxy */ = {
			isa = PBXContainerItemProxy;
			containerPortal = D3A25F9E2B8ACDB4009D8D2B /* Project object */;
			proxyType = 1;
			remoteGlobalIDString = D3A25FA52B8ACDB5009D8D2B;
			remoteInfo = TheMovieDB;
		};
/* End PBXContainerItemProxy section */

/* Begin PBXFileReference section */
		D33F60A32B8D698900C1B2A8 /* BaseTarget.swift */ = {isa = PBXFileReference; lastKnownFileType = sourcecode.swift; path = BaseTarget.swift; sourceTree = "<group>"; };
		D33F60A52B8D69C400C1B2A8 /* BaseService.swift */ = {isa = PBXFileReference; lastKnownFileType = sourcecode.swift; path = BaseService.swift; sourceTree = "<group>"; };
		D33F60A72B8D6A5B00C1B2A8 /* MoviesTarget.swift */ = {isa = PBXFileReference; lastKnownFileType = sourcecode.swift; path = MoviesTarget.swift; sourceTree = "<group>"; };
		D33F60A92B8D6B8800C1B2A8 /* MoviesService.swift */ = {isa = PBXFileReference; lastKnownFileType = sourcecode.swift; path = MoviesService.swift; sourceTree = "<group>"; };
		D346A7232B8E4C9000393153 /* MovieDetailsViewModel.swift */ = {isa = PBXFileReference; lastKnownFileType = sourcecode.swift; path = MovieDetailsViewModel.swift; sourceTree = "<group>"; };
		D353A06B2B8FA5A700AC57A9 /* Enums.swift */ = {isa = PBXFileReference; lastKnownFileType = sourcecode.swift; path = Enums.swift; sourceTree = "<group>"; };
		D370107B2B8FD7A100A0024A /* MovieStreamingView.swift */ = {isa = PBXFileReference; lastKnownFileType = sourcecode.swift; path = MovieStreamingView.swift; sourceTree = "<group>"; };
		D370107D2B8FD9FE00A0024A /* MovieBuyView.swift */ = {isa = PBXFileReference; lastKnownFileType = sourcecode.swift; path = MovieBuyView.swift; sourceTree = "<group>"; };
		D37010802B8FDDE500A0024A /* SimilarMoviesView.swift */ = {isa = PBXFileReference; lastKnownFileType = sourcecode.swift; path = SimilarMoviesView.swift; sourceTree = "<group>"; };
		D37010822B8FE0A400A0024A /* MovieCrewView.swift */ = {isa = PBXFileReference; lastKnownFileType = sourcecode.swift; path = MovieCrewView.swift; sourceTree = "<group>"; };
		D3A25FA62B8ACDB5009D8D2B /* TheMovieDB.app */ = {isa = PBXFileReference; explicitFileType = wrapper.application; includeInIndex = 0; path = TheMovieDB.app; sourceTree = BUILT_PRODUCTS_DIR; };
		D3A25FA92B8ACDB5009D8D2B /* AppDelegate.swift */ = {isa = PBXFileReference; lastKnownFileType = sourcecode.swift; path = AppDelegate.swift; sourceTree = "<group>"; };
		D3A25FAB2B8ACDB5009D8D2B /* SceneDelegate.swift */ = {isa = PBXFileReference; lastKnownFileType = sourcecode.swift; path = SceneDelegate.swift; sourceTree = "<group>"; };
		D3A25FAD2B8ACDB5009D8D2B /* ViewController.swift */ = {isa = PBXFileReference; lastKnownFileType = sourcecode.swift; path = ViewController.swift; sourceTree = "<group>"; };
		D3A25FB22B8ACDB6009D8D2B /* Assets.xcassets */ = {isa = PBXFileReference; lastKnownFileType = folder.assetcatalog; path = Assets.xcassets; sourceTree = "<group>"; };
		D3A25FB52B8ACDB6009D8D2B /* Base */ = {isa = PBXFileReference; lastKnownFileType = file.storyboard; name = Base; path = Base.lproj/LaunchScreen.storyboard; sourceTree = "<group>"; };
		D3A25FB72B8ACDB6009D8D2B /* Info.plist */ = {isa = PBXFileReference; lastKnownFileType = text.plist.xml; path = Info.plist; sourceTree = "<group>"; };
		D3A25FBC2B8ACDB6009D8D2B /* TheMovieDBTests.xctest */ = {isa = PBXFileReference; explicitFileType = wrapper.cfbundle; includeInIndex = 0; path = TheMovieDBTests.xctest; sourceTree = BUILT_PRODUCTS_DIR; };
		D3A25FC62B8ACDB6009D8D2B /* TheMovieDBUITests.xctest */ = {isa = PBXFileReference; explicitFileType = wrapper.cfbundle; includeInIndex = 0; path = TheMovieDBUITests.xctest; sourceTree = BUILT_PRODUCTS_DIR; };
		D3A25FDC2B8AD5DA009D8D2B /* BaseVC.swift */ = {isa = PBXFileReference; lastKnownFileType = sourcecode.swift; path = BaseVC.swift; sourceTree = "<group>"; };
		D3A25FDE2B8AD700009D8D2B /* LoadingDialogVC.swift */ = {isa = PBXFileReference; lastKnownFileType = sourcecode.swift; path = LoadingDialogVC.swift; sourceTree = "<group>"; };
		D3A25FE22B8AD819009D8D2B /* UIColor+Extensions.swift */ = {isa = PBXFileReference; lastKnownFileType = sourcecode.swift; path = "UIColor+Extensions.swift"; sourceTree = "<group>"; };
		D3A25FE82B8ADCB1009D8D2B /* DialogModel.swift */ = {isa = PBXFileReference; lastKnownFileType = sourcecode.swift; path = DialogModel.swift; sourceTree = "<group>"; };
		D3A25FEA2B8ADDBE009D8D2B /* Constants.swift */ = {isa = PBXFileReference; lastKnownFileType = sourcecode.swift; path = Constants.swift; sourceTree = "<group>"; };
		D3A25FEE2B8AE169009D8D2B /* MoviesVC.swift */ = {isa = PBXFileReference; lastKnownFileType = sourcecode.swift; path = MoviesVC.swift; sourceTree = "<group>"; };
		D3A25FF92B8C2E4E009D8D2B /* MoviesRequests.swift */ = {isa = PBXFileReference; lastKnownFileType = sourcecode.swift; path = MoviesRequests.swift; sourceTree = "<group>"; };
		D3A260022B8C3701009D8D2B /* MoviesViewModel.swift */ = {isa = PBXFileReference; lastKnownFileType = sourcecode.swift; path = MoviesViewModel.swift; sourceTree = "<group>"; };
		D3A260042B8C3BCE009D8D2B /* UIView+Extensions.swift */ = {isa = PBXFileReference; lastKnownFileType = sourcecode.swift; path = "UIView+Extensions.swift"; sourceTree = "<group>"; };
		D3A260062B8C469D009D8D2B /* MoviesViewCell.swift */ = {isa = PBXFileReference; lastKnownFileType = sourcecode.swift; path = MoviesViewCell.swift; sourceTree = "<group>"; };
		D3A260082B8C494D009D8D2B /* Utils.swift */ = {isa = PBXFileReference; lastKnownFileType = sourcecode.swift; path = Utils.swift; sourceTree = "<group>"; };
		D3A2600C2B8C4D17009D8D2B /* BaseCoordinator.swift */ = {isa = PBXFileReference; lastKnownFileType = sourcecode.swift; path = BaseCoordinator.swift; sourceTree = "<group>"; };
		D3A2600E2B8C4D5C009D8D2B /* MoviesCoordinator.swift */ = {isa = PBXFileReference; lastKnownFileType = sourcecode.swift; path = MoviesCoordinator.swift; sourceTree = "<group>"; };
		D3AF879A2B8FCAA400283786 /* UIViewController+Extensions.swift */ = {isa = PBXFileReference; lastKnownFileType = sourcecode.swift; path = "UIViewController+Extensions.swift"; sourceTree = "<group>"; };
		D3AF879C2B8FCF3600283786 /* MovieRentView.swift */ = {isa = PBXFileReference; lastKnownFileType = sourcecode.swift; path = MovieRentView.swift; sourceTree = "<group>"; };
		D3BF03AB2B8EA922003750FF /* MovieCrewCell.swift */ = {isa = PBXFileReference; lastKnownFileType = sourcecode.swift; path = MovieCrewCell.swift; sourceTree = "<group>"; };
		D3BF03AD2B8EB2FB003750FF /* SimilarFilmsCell.swift */ = {isa = PBXFileReference; lastKnownFileType = sourcecode.swift; path = SimilarFilmsCell.swift; sourceTree = "<group>"; };
		D3BF03AF2B8EBE72003750FF /* WatchProviderCell.swift */ = {isa = PBXFileReference; lastKnownFileType = sourcecode.swift; path = WatchProviderCell.swift; sourceTree = "<group>"; };
		D3BF03B52B8EF4B7003750FF /* VideoThumbnail.swift */ = {isa = PBXFileReference; lastKnownFileType = sourcecode.swift; path = VideoThumbnail.swift; sourceTree = "<group>"; };
		D3BF03B72B8EFC22003750FF /* MovieThumbnailCell.swift */ = {isa = PBXFileReference; lastKnownFileType = sourcecode.swift; path = MovieThumbnailCell.swift; sourceTree = "<group>"; };
		D3C020E32B8D82BB003C237F /* Observable.swift */ = {isa = PBXFileReference; lastKnownFileType = sourcecode.swift; path = Observable.swift; sourceTree = "<group>"; };
		D3C020E72B8DAAC9003C237F /* MovieDetailsVC.swift */ = {isa = PBXFileReference; lastKnownFileType = sourcecode.swift; path = MovieDetailsVC.swift; sourceTree = "<group>"; };
		D3C020E92B8DC906003C237F /* MovieDetailsRequests.swift */ = {isa = PBXFileReference; lastKnownFileType = sourcecode.swift; path = MovieDetailsRequests.swift; sourceTree = "<group>"; };
/* End PBXFileReference section */

/* Begin PBXFrameworksBuildPhase section */
		D3A25FA32B8ACDB5009D8D2B /* Frameworks */ = {
			isa = PBXFrameworksBuildPhase;
			buildActionMask = 2147483647;
			files = (
				D33F60A22B8D68F300C1B2A8 /* Alamofire in Frameworks */,
				D346A7272B8E642200393153 /* AlamofireImage in Frameworks */,
			);
			runOnlyForDeploymentPostprocessing = 0;
		};
		D3A25FB92B8ACDB6009D8D2B /* Frameworks */ = {
			isa = PBXFrameworksBuildPhase;
			buildActionMask = 2147483647;
			files = (
			);
			runOnlyForDeploymentPostprocessing = 0;
		};
		D3A25FC32B8ACDB6009D8D2B /* Frameworks */ = {
			isa = PBXFrameworksBuildPhase;
			buildActionMask = 2147483647;
			files = (
			);
			runOnlyForDeploymentPostprocessing = 0;
		};
/* End PBXFrameworksBuildPhase section */

/* Begin PBXGroup section */
		D33F60AB2B8D78F700C1B2A8 /* Targets */ = {
			isa = PBXGroup;
			children = (
				D33F60A32B8D698900C1B2A8 /* BaseTarget.swift */,
				D33F60A72B8D6A5B00C1B2A8 /* MoviesTarget.swift */,
			);
			path = Targets;
			sourceTree = "<group>";
		};
		D33F60AC2B8D78FE00C1B2A8 /* Services */ = {
			isa = PBXGroup;
			children = (
				D33F60A52B8D69C400C1B2A8 /* BaseService.swift */,
				D33F60A92B8D6B8800C1B2A8 /* MoviesService.swift */,
			);
			path = Services;
			sourceTree = "<group>";
		};
		D370107F2B8FDD0F00A0024A /* Cells */ = {
			isa = PBXGroup;
			children = (
				D3BF03AB2B8EA922003750FF /* MovieCrewCell.swift */,
				D3BF03AD2B8EB2FB003750FF /* SimilarFilmsCell.swift */,
				D3BF03AF2B8EBE72003750FF /* WatchProviderCell.swift */,
				D3BF03B72B8EFC22003750FF /* MovieThumbnailCell.swift */,
			);
			path = Cells;
			sourceTree = "<group>";
		};
		D3A25F9D2B8ACDB4009D8D2B = {
			isa = PBXGroup;
			children = (
				D3A25FA82B8ACDB5009D8D2B /* TheMovieDB */,
				D3A25FA72B8ACDB5009D8D2B /* Products */,
			);
			sourceTree = "<group>";
		};
		D3A25FA72B8ACDB5009D8D2B /* Products */ = {
			isa = PBXGroup;
			children = (
				D3A25FA62B8ACDB5009D8D2B /* TheMovieDB.app */,
				D3A25FBC2B8ACDB6009D8D2B /* TheMovieDBTests.xctest */,
				D3A25FC62B8ACDB6009D8D2B /* TheMovieDBUITests.xctest */,
			);
			name = Products;
			sourceTree = "<group>";
		};
		D3A25FA82B8ACDB5009D8D2B /* TheMovieDB */ = {
			isa = PBXGroup;
			children = (
				D3A25FF32B8AE298009D8D2B /* Networking */,
				D3A25FE02B8AD7D5009D8D2B /* Utils */,
				D3A25FE52B8ADBFD009D8D2B /* Models */,
				D3A25FD92B8AD56B009D8D2B /* Navigation */,
				D3A25FDA2B8AD58C009D8D2B /* Modules */,
				D3A25FA92B8ACDB5009D8D2B /* AppDelegate.swift */,
				D3A25FAB2B8ACDB5009D8D2B /* SceneDelegate.swift */,
				D3A25FAD2B8ACDB5009D8D2B /* ViewController.swift */,
				D3A25FB22B8ACDB6009D8D2B /* Assets.xcassets */,
				D3A25FB42B8ACDB6009D8D2B /* LaunchScreen.storyboard */,
				D3A25FB72B8ACDB6009D8D2B /* Info.plist */,
			);
			path = TheMovieDB;
			sourceTree = "<group>";
		};
		D3A25FD92B8AD56B009D8D2B /* Navigation */ = {
			isa = PBXGroup;
			children = (
				D3A2600C2B8C4D17009D8D2B /* BaseCoordinator.swift */,
				D3A2600E2B8C4D5C009D8D2B /* MoviesCoordinator.swift */,
			);
			path = Navigation;
			sourceTree = "<group>";
		};
		D3A25FDA2B8AD58C009D8D2B /* Modules */ = {
			isa = PBXGroup;
			children = (
				D3C020E62B8DAA36003C237F /* MovieDetails */,
				D3A25FEC2B8AE130009D8D2B /* Movies */,
				D3A25FE42B8ADAD7009D8D2B /* Modals */,
				D3A25FDB2B8AD5BC009D8D2B /* Base */,
			);
			path = Modules;
			sourceTree = "<group>";
		};
		D3A25FDB2B8AD5BC009D8D2B /* Base */ = {
			isa = PBXGroup;
			children = (
				D3A25FDC2B8AD5DA009D8D2B /* BaseVC.swift */,
				D3C020E32B8D82BB003C237F /* Observable.swift */,
			);
			path = Base;
			sourceTree = "<group>";
		};
		D3A25FE02B8AD7D5009D8D2B /* Utils */ = {
			isa = PBXGroup;
			children = (
				D3A25FE12B8AD7DE009D8D2B /* Extensions */,
				D3A25FEA2B8ADDBE009D8D2B /* Constants.swift */,
				D3A260082B8C494D009D8D2B /* Utils.swift */,
				D353A06B2B8FA5A700AC57A9 /* Enums.swift */,
			);
			path = Utils;
			sourceTree = "<group>";
		};
		D3A25FE12B8AD7DE009D8D2B /* Extensions */ = {
			isa = PBXGroup;
			children = (
				D3A25FE22B8AD819009D8D2B /* UIColor+Extensions.swift */,
				D3A260042B8C3BCE009D8D2B /* UIView+Extensions.swift */,
				D3AF879A2B8FCAA400283786 /* UIViewController+Extensions.swift */,
			);
			path = Extensions;
			sourceTree = "<group>";
		};
		D3A25FE42B8ADAD7009D8D2B /* Modals */ = {
			isa = PBXGroup;
			children = (
				D3A25FDE2B8AD700009D8D2B /* LoadingDialogVC.swift */,
			);
			path = Modals;
			sourceTree = "<group>";
		};
		D3A25FE52B8ADBFD009D8D2B /* Models */ = {
			isa = PBXGroup;
			children = (
				D3A25FF82B8C2E09009D8D2B /* Requests */,
				D3A25FE82B8ADCB1009D8D2B /* DialogModel.swift */,
				D3BF03B52B8EF4B7003750FF /* VideoThumbnail.swift */,
			);
			path = Models;
			sourceTree = "<group>";
		};
		D3A25FEC2B8AE130009D8D2B /* Movies */ = {
			isa = PBXGroup;
			children = (
				D3A25FED2B8AE14D009D8D2B /* ViewModels */,
				D3A25FFB2B8C315B009D8D2B /* Views */,
			);
			path = Movies;
			sourceTree = "<group>";
		};
		D3A25FED2B8AE14D009D8D2B /* ViewModels */ = {
			isa = PBXGroup;
			children = (
				D3A260022B8C3701009D8D2B /* MoviesViewModel.swift */,
			);
			path = ViewModels;
			sourceTree = "<group>";
		};
		D3A25FF32B8AE298009D8D2B /* Networking */ = {
			isa = PBXGroup;
			children = (
				D33F60AB2B8D78F700C1B2A8 /* Targets */,
				D33F60AC2B8D78FE00C1B2A8 /* Services */,
			);
			path = Networking;
			sourceTree = "<group>";
		};
		D3A25FF82B8C2E09009D8D2B /* Requests */ = {
			isa = PBXGroup;
			children = (
				D3A25FF92B8C2E4E009D8D2B /* MoviesRequests.swift */,
				D3C020E92B8DC906003C237F /* MovieDetailsRequests.swift */,
			);
			path = Requests;
			sourceTree = "<group>";
		};
		D3A25FFB2B8C315B009D8D2B /* Views */ = {
			isa = PBXGroup;
			children = (
				D3A25FEE2B8AE169009D8D2B /* MoviesVC.swift */,
				D3A260062B8C469D009D8D2B /* MoviesViewCell.swift */,
			);
			path = Views;
			sourceTree = "<group>";
		};
		D3B6C19F2B8F91C700650EBE /* ViewModels */ = {
			isa = PBXGroup;
			children = (
				D346A7232B8E4C9000393153 /* MovieDetailsViewModel.swift */,
			);
			path = ViewModels;
			sourceTree = "<group>";
		};
		D3BF03AA2B8EA8FF003750FF /* Views */ = {
			isa = PBXGroup;
			children = (
				D370107F2B8FDD0F00A0024A /* Cells */,
				D3C020E72B8DAAC9003C237F /* MovieDetailsVC.swift */,
				D3AF879C2B8FCF3600283786 /* MovieRentView.swift */,
				D370107B2B8FD7A100A0024A /* MovieStreamingView.swift */,
				D370107D2B8FD9FE00A0024A /* MovieBuyView.swift */,
				D37010802B8FDDE500A0024A /* SimilarMoviesView.swift */,
				D37010822B8FE0A400A0024A /* MovieCrewView.swift */,
			);
			path = Views;
			sourceTree = "<group>";
		};
		D3C020E62B8DAA36003C237F /* MovieDetails */ = {
			isa = PBXGroup;
			children = (
				D3B6C19F2B8F91C700650EBE /* ViewModels */,
				D3BF03AA2B8EA8FF003750FF /* Views */,
			);
			path = MovieDetails;
			sourceTree = "<group>";
		};
/* End PBXGroup section */

/* Begin PBXNativeTarget section */
		D3A25FA52B8ACDB5009D8D2B /* TheMovieDB */ = {
			isa = PBXNativeTarget;
			buildConfigurationList = D3A25FD02B8ACDB6009D8D2B /* Build configuration list for PBXNativeTarget "TheMovieDB" */;
			buildPhases = (
				D3A25FA22B8ACDB5009D8D2B /* Sources */,
				D3A25FA32B8ACDB5009D8D2B /* Frameworks */,
				D3A25FA42B8ACDB5009D8D2B /* Resources */,
			);
			buildRules = (
			);
			dependencies = (
			);
			name = TheMovieDB;
			packageProductDependencies = (
				D33F60A12B8D68F300C1B2A8 /* Alamofire */,
				D346A7262B8E642200393153 /* AlamofireImage */,
			);
			productName = TheMovieDB;
			productReference = D3A25FA62B8ACDB5009D8D2B /* TheMovieDB.app */;
			productType = "com.apple.product-type.application";
		};
		D3A25FBB2B8ACDB6009D8D2B /* TheMovieDBTests */ = {
			isa = PBXNativeTarget;
			buildConfigurationList = D3A25FD32B8ACDB6009D8D2B /* Build configuration list for PBXNativeTarget "TheMovieDBTests" */;
			buildPhases = (
				D3A25FB82B8ACDB6009D8D2B /* Sources */,
				D3A25FB92B8ACDB6009D8D2B /* Frameworks */,
				D3A25FBA2B8ACDB6009D8D2B /* Resources */,
			);
			buildRules = (
			);
			dependencies = (
				D3A25FBE2B8ACDB6009D8D2B /* PBXTargetDependency */,
			);
			name = TheMovieDBTests;
			productName = TheMovieDBTests;
			productReference = D3A25FBC2B8ACDB6009D8D2B /* TheMovieDBTests.xctest */;
			productType = "com.apple.product-type.bundle.unit-test";
		};
		D3A25FC52B8ACDB6009D8D2B /* TheMovieDBUITests */ = {
			isa = PBXNativeTarget;
			buildConfigurationList = D3A25FD62B8ACDB6009D8D2B /* Build configuration list for PBXNativeTarget "TheMovieDBUITests" */;
			buildPhases = (
				D3A25FC22B8ACDB6009D8D2B /* Sources */,
				D3A25FC32B8ACDB6009D8D2B /* Frameworks */,
				D3A25FC42B8ACDB6009D8D2B /* Resources */,
			);
			buildRules = (
			);
			dependencies = (
				D3A25FC82B8ACDB6009D8D2B /* PBXTargetDependency */,
			);
			name = TheMovieDBUITests;
			productName = TheMovieDBUITests;
			productReference = D3A25FC62B8ACDB6009D8D2B /* TheMovieDBUITests.xctest */;
			productType = "com.apple.product-type.bundle.ui-testing";
		};
/* End PBXNativeTarget section */

/* Begin PBXProject section */
		D3A25F9E2B8ACDB4009D8D2B /* Project object */ = {
			isa = PBXProject;
			attributes = {
				BuildIndependentTargetsInParallel = 1;
				LastSwiftUpdateCheck = 1430;
				LastUpgradeCheck = 1430;
				TargetAttributes = {
					D3A25FA52B8ACDB5009D8D2B = {
						CreatedOnToolsVersion = 14.3.1;
					};
					D3A25FBB2B8ACDB6009D8D2B = {
						CreatedOnToolsVersion = 14.3.1;
						TestTargetID = D3A25FA52B8ACDB5009D8D2B;
					};
					D3A25FC52B8ACDB6009D8D2B = {
						CreatedOnToolsVersion = 14.3.1;
						TestTargetID = D3A25FA52B8ACDB5009D8D2B;
					};
				};
			};
			buildConfigurationList = D3A25FA12B8ACDB4009D8D2B /* Build configuration list for PBXProject "TheMovieDB" */;
			compatibilityVersion = "Xcode 14.0";
			developmentRegion = en;
			hasScannedForEncodings = 0;
			knownRegions = (
				en,
				Base,
			);
			mainGroup = D3A25F9D2B8ACDB4009D8D2B;
			packageReferences = (
				D33F60A02B8D68F300C1B2A8 /* XCRemoteSwiftPackageReference "Alamofire" */,
				D346A7252B8E642200393153 /* XCRemoteSwiftPackageReference "AlamofireImage" */,
			);
			productRefGroup = D3A25FA72B8ACDB5009D8D2B /* Products */;
			projectDirPath = "";
			projectRoot = "";
			targets = (
				D3A25FA52B8ACDB5009D8D2B /* TheMovieDB */,
				D3A25FBB2B8ACDB6009D8D2B /* TheMovieDBTests */,
				D3A25FC52B8ACDB6009D8D2B /* TheMovieDBUITests */,
			);
		};
/* End PBXProject section */

/* Begin PBXResourcesBuildPhase section */
		D3A25FA42B8ACDB5009D8D2B /* Resources */ = {
			isa = PBXResourcesBuildPhase;
			buildActionMask = 2147483647;
			files = (
				D3A25FB62B8ACDB6009D8D2B /* LaunchScreen.storyboard in Resources */,
				D3A25FB32B8ACDB6009D8D2B /* Assets.xcassets in Resources */,
			);
			runOnlyForDeploymentPostprocessing = 0;
		};
		D3A25FBA2B8ACDB6009D8D2B /* Resources */ = {
			isa = PBXResourcesBuildPhase;
			buildActionMask = 2147483647;
			files = (
			);
			runOnlyForDeploymentPostprocessing = 0;
		};
		D3A25FC42B8ACDB6009D8D2B /* Resources */ = {
			isa = PBXResourcesBuildPhase;
			buildActionMask = 2147483647;
			files = (
			);
			runOnlyForDeploymentPostprocessing = 0;
		};
/* End PBXResourcesBuildPhase section */

/* Begin PBXSourcesBuildPhase section */
		D3A25FA22B8ACDB5009D8D2B /* Sources */ = {
			isa = PBXSourcesBuildPhase;
			buildActionMask = 2147483647;
			files = (
				D3C020E42B8D82BB003C237F /* Observable.swift in Sources */,
				D3A25FAE2B8ACDB5009D8D2B /* ViewController.swift in Sources */,
				D3AF879D2B8FCF3600283786 /* MovieRentView.swift in Sources */,
				D3A25FE32B8AD819009D8D2B /* UIColor+Extensions.swift in Sources */,
				D3A25FFA2B8C2E4E009D8D2B /* MoviesRequests.swift in Sources */,
				D3AF879B2B8FCAA400283786 /* UIViewController+Extensions.swift in Sources */,
				D3A25FAA2B8ACDB5009D8D2B /* AppDelegate.swift in Sources */,
				D3A260032B8C3701009D8D2B /* MoviesViewModel.swift in Sources */,
				D3A260052B8C3BCE009D8D2B /* UIView+Extensions.swift in Sources */,
				D3A25FDF2B8AD700009D8D2B /* LoadingDialogVC.swift in Sources */,
				D370107E2B8FD9FE00A0024A /* MovieBuyView.swift in Sources */,
				D3BF03B02B8EBE72003750FF /* WatchProviderCell.swift in Sources */,
				D33F60A62B8D69C400C1B2A8 /* BaseService.swift in Sources */,
				D3A25FAC2B8ACDB5009D8D2B /* SceneDelegate.swift in Sources */,
				D370107C2B8FD7A100A0024A /* MovieStreamingView.swift in Sources */,
				D3A260072B8C469D009D8D2B /* MoviesViewCell.swift in Sources */,
				D37010812B8FDDE500A0024A /* SimilarMoviesView.swift in Sources */,
				D3A25FEF2B8AE169009D8D2B /* MoviesVC.swift in Sources */,
				D3A260092B8C494D009D8D2B /* Utils.swift in Sources */,
				D353A06C2B8FA5A700AC57A9 /* Enums.swift in Sources */,
				D3BF03AE2B8EB2FB003750FF /* SimilarFilmsCell.swift in Sources */,
				D3BF03B82B8EFC22003750FF /* MovieThumbnailCell.swift in Sources */,
				D3A2600F2B8C4D5C009D8D2B /* MoviesCoordinator.swift in Sources */,
				D346A7242B8E4C9000393153 /* MovieDetailsViewModel.swift in Sources */,
				D33F60A82B8D6A5B00C1B2A8 /* MoviesTarget.swift in Sources */,
				D3BF03B62B8EF4B7003750FF /* VideoThumbnail.swift in Sources */,
				D3A25FE92B8ADCB1009D8D2B /* DialogModel.swift in Sources */,
				D3C020EA2B8DC906003C237F /* MovieDetailsRequests.swift in Sources */,
				D3A2600D2B8C4D17009D8D2B /* BaseCoordinator.swift in Sources */,
				D33F60AA2B8D6B8800C1B2A8 /* MoviesService.swift in Sources */,
				D37010832B8FE0A400A0024A /* MovieCrewView.swift in Sources */,
				D3A25FDD2B8AD5DA009D8D2B /* BaseVC.swift in Sources */,
				D3C020E82B8DAAC9003C237F /* MovieDetailsVC.swift in Sources */,
				D33F60A42B8D698900C1B2A8 /* BaseTarget.swift in Sources */,
				D3A25FEB2B8ADDBE009D8D2B /* Constants.swift in Sources */,
				D3BF03AC2B8EA922003750FF /* MovieCrewCell.swift in Sources */,
			);
			runOnlyForDeploymentPostprocessing = 0;
		};
		D3A25FB82B8ACDB6009D8D2B /* Sources */ = {
			isa = PBXSourcesBuildPhase;
			buildActionMask = 2147483647;
			files = (
			);
			runOnlyForDeploymentPostprocessing = 0;
		};
		D3A25FC22B8ACDB6009D8D2B /* Sources */ = {
			isa = PBXSourcesBuildPhase;
			buildActionMask = 2147483647;
			files = (
			);
			runOnlyForDeploymentPostprocessing = 0;
		};
/* End PBXSourcesBuildPhase section */

/* Begin PBXTargetDependency section */
		D3A25FBE2B8ACDB6009D8D2B /* PBXTargetDependency */ = {
			isa = PBXTargetDependency;
			target = D3A25FA52B8ACDB5009D8D2B /* TheMovieDB */;
			targetProxy = D3A25FBD2B8ACDB6009D8D2B /* PBXContainerItemProxy */;
		};
		D3A25FC82B8ACDB6009D8D2B /* PBXTargetDependency */ = {
			isa = PBXTargetDependency;
			target = D3A25FA52B8ACDB5009D8D2B /* TheMovieDB */;
			targetProxy = D3A25FC72B8ACDB6009D8D2B /* PBXContainerItemProxy */;
		};
/* End PBXTargetDependency section */

/* Begin PBXVariantGroup section */
		D3A25FB42B8ACDB6009D8D2B /* LaunchScreen.storyboard */ = {
			isa = PBXVariantGroup;
			children = (
				D3A25FB52B8ACDB6009D8D2B /* Base */,
			);
			name = LaunchScreen.storyboard;
			sourceTree = "<group>";
		};
/* End PBXVariantGroup section */

/* Begin XCBuildConfiguration section */
		D3A25FCE2B8ACDB6009D8D2B /* Debug */ = {
			isa = XCBuildConfiguration;
			buildSettings = {
				ALWAYS_SEARCH_USER_PATHS = NO;
				CLANG_ANALYZER_NONNULL = YES;
				CLANG_ANALYZER_NUMBER_OBJECT_CONVERSION = YES_AGGRESSIVE;
				CLANG_CXX_LANGUAGE_STANDARD = "gnu++20";
				CLANG_ENABLE_MODULES = YES;
				CLANG_ENABLE_OBJC_ARC = YES;
				CLANG_ENABLE_OBJC_WEAK = YES;
				CLANG_WARN_BLOCK_CAPTURE_AUTORELEASING = YES;
				CLANG_WARN_BOOL_CONVERSION = YES;
				CLANG_WARN_COMMA = YES;
				CLANG_WARN_CONSTANT_CONVERSION = YES;
				CLANG_WARN_DEPRECATED_OBJC_IMPLEMENTATIONS = YES;
				CLANG_WARN_DIRECT_OBJC_ISA_USAGE = YES_ERROR;
				CLANG_WARN_DOCUMENTATION_COMMENTS = YES;
				CLANG_WARN_EMPTY_BODY = YES;
				CLANG_WARN_ENUM_CONVERSION = YES;
				CLANG_WARN_INFINITE_RECURSION = YES;
				CLANG_WARN_INT_CONVERSION = YES;
				CLANG_WARN_NON_LITERAL_NULL_CONVERSION = YES;
				CLANG_WARN_OBJC_IMPLICIT_RETAIN_SELF = YES;
				CLANG_WARN_OBJC_LITERAL_CONVERSION = YES;
				CLANG_WARN_OBJC_ROOT_CLASS = YES_ERROR;
				CLANG_WARN_QUOTED_INCLUDE_IN_FRAMEWORK_HEADER = YES;
				CLANG_WARN_RANGE_LOOP_ANALYSIS = YES;
				CLANG_WARN_STRICT_PROTOTYPES = YES;
				CLANG_WARN_SUSPICIOUS_MOVE = YES;
				CLANG_WARN_UNGUARDED_AVAILABILITY = YES_AGGRESSIVE;
				CLANG_WARN_UNREACHABLE_CODE = YES;
				CLANG_WARN__DUPLICATE_METHOD_MATCH = YES;
				COPY_PHASE_STRIP = NO;
				DEBUG_INFORMATION_FORMAT = dwarf;
				ENABLE_STRICT_OBJC_MSGSEND = YES;
				ENABLE_TESTABILITY = YES;
				GCC_C_LANGUAGE_STANDARD = gnu11;
				GCC_DYNAMIC_NO_PIC = NO;
				GCC_NO_COMMON_BLOCKS = YES;
				GCC_OPTIMIZATION_LEVEL = 0;
				GCC_PREPROCESSOR_DEFINITIONS = (
					"DEBUG=1",
					"$(inherited)",
				);
				GCC_WARN_64_TO_32_BIT_CONVERSION = YES;
				GCC_WARN_ABOUT_RETURN_TYPE = YES_ERROR;
				GCC_WARN_UNDECLARED_SELECTOR = YES;
				GCC_WARN_UNINITIALIZED_AUTOS = YES_AGGRESSIVE;
				GCC_WARN_UNUSED_FUNCTION = YES;
				GCC_WARN_UNUSED_VARIABLE = YES;
				IPHONEOS_DEPLOYMENT_TARGET = 16.4;
				MTL_ENABLE_DEBUG_INFO = INCLUDE_SOURCE;
				MTL_FAST_MATH = YES;
				ONLY_ACTIVE_ARCH = YES;
				SDKROOT = iphoneos;
				SWIFT_ACTIVE_COMPILATION_CONDITIONS = DEBUG;
				SWIFT_OPTIMIZATION_LEVEL = "-Onone";
			};
			name = Debug;
		};
		D3A25FCF2B8ACDB6009D8D2B /* Release */ = {
			isa = XCBuildConfiguration;
			buildSettings = {
				ALWAYS_SEARCH_USER_PATHS = NO;
				CLANG_ANALYZER_NONNULL = YES;
				CLANG_ANALYZER_NUMBER_OBJECT_CONVERSION = YES_AGGRESSIVE;
				CLANG_CXX_LANGUAGE_STANDARD = "gnu++20";
				CLANG_ENABLE_MODULES = YES;
				CLANG_ENABLE_OBJC_ARC = YES;
				CLANG_ENABLE_OBJC_WEAK = YES;
				CLANG_WARN_BLOCK_CAPTURE_AUTORELEASING = YES;
				CLANG_WARN_BOOL_CONVERSION = YES;
				CLANG_WARN_COMMA = YES;
				CLANG_WARN_CONSTANT_CONVERSION = YES;
				CLANG_WARN_DEPRECATED_OBJC_IMPLEMENTATIONS = YES;
				CLANG_WARN_DIRECT_OBJC_ISA_USAGE = YES_ERROR;
				CLANG_WARN_DOCUMENTATION_COMMENTS = YES;
				CLANG_WARN_EMPTY_BODY = YES;
				CLANG_WARN_ENUM_CONVERSION = YES;
				CLANG_WARN_INFINITE_RECURSION = YES;
				CLANG_WARN_INT_CONVERSION = YES;
				CLANG_WARN_NON_LITERAL_NULL_CONVERSION = YES;
				CLANG_WARN_OBJC_IMPLICIT_RETAIN_SELF = YES;
				CLANG_WARN_OBJC_LITERAL_CONVERSION = YES;
				CLANG_WARN_OBJC_ROOT_CLASS = YES_ERROR;
				CLANG_WARN_QUOTED_INCLUDE_IN_FRAMEWORK_HEADER = YES;
				CLANG_WARN_RANGE_LOOP_ANALYSIS = YES;
				CLANG_WARN_STRICT_PROTOTYPES = YES;
				CLANG_WARN_SUSPICIOUS_MOVE = YES;
				CLANG_WARN_UNGUARDED_AVAILABILITY = YES_AGGRESSIVE;
				CLANG_WARN_UNREACHABLE_CODE = YES;
				CLANG_WARN__DUPLICATE_METHOD_MATCH = YES;
				COPY_PHASE_STRIP = NO;
				DEBUG_INFORMATION_FORMAT = "dwarf-with-dsym";
				ENABLE_NS_ASSERTIONS = NO;
				ENABLE_STRICT_OBJC_MSGSEND = YES;
				GCC_C_LANGUAGE_STANDARD = gnu11;
				GCC_NO_COMMON_BLOCKS = YES;
				GCC_WARN_64_TO_32_BIT_CONVERSION = YES;
				GCC_WARN_ABOUT_RETURN_TYPE = YES_ERROR;
				GCC_WARN_UNDECLARED_SELECTOR = YES;
				GCC_WARN_UNINITIALIZED_AUTOS = YES_AGGRESSIVE;
				GCC_WARN_UNUSED_FUNCTION = YES;
				GCC_WARN_UNUSED_VARIABLE = YES;
				IPHONEOS_DEPLOYMENT_TARGET = 16.4;
				MTL_ENABLE_DEBUG_INFO = NO;
				MTL_FAST_MATH = YES;
				SDKROOT = iphoneos;
				SWIFT_COMPILATION_MODE = wholemodule;
				SWIFT_OPTIMIZATION_LEVEL = "-O";
				VALIDATE_PRODUCT = YES;
			};
			name = Release;
		};
		D3A25FD12B8ACDB6009D8D2B /* Debug */ = {
			isa = XCBuildConfiguration;
			buildSettings = {
				ASSETCATALOG_COMPILER_APPICON_NAME = AppIcon;
				ASSETCATALOG_COMPILER_GLOBAL_ACCENT_COLOR_NAME = AccentColor;
				CODE_SIGN_STYLE = Automatic;
				CURRENT_PROJECT_VERSION = 1;
				DEVELOPMENT_TEAM = 8F338LN7K7;
				GENERATE_INFOPLIST_FILE = YES;
				INFOPLIST_FILE = TheMovieDB/Info.plist;
				INFOPLIST_KEY_UIApplicationSupportsIndirectInputEvents = YES;
				INFOPLIST_KEY_UILaunchStoryboardName = LaunchScreen;
				INFOPLIST_KEY_UIMainStoryboardFile = "";
				INFOPLIST_KEY_UIStatusBarStyle = UIStatusBarStyleLightContent;
				INFOPLIST_KEY_UISupportedInterfaceOrientations = UIInterfaceOrientationPortrait;
				INFOPLIST_KEY_UISupportedInterfaceOrientations_iPad = "UIInterfaceOrientationLandscapeLeft UIInterfaceOrientationLandscapeRight UIInterfaceOrientationPortrait UIInterfaceOrientationPortraitUpsideDown";
				LD_RUNPATH_SEARCH_PATHS = (
					"$(inherited)",
					"@executable_path/Frameworks",
				);
				MARKETING_VERSION = 1.0;
				PRODUCT_BUNDLE_IDENTIFIER = com.vinculosestrategicos.TheMovieDB;
				PRODUCT_NAME = "$(TARGET_NAME)";
				SUPPORTED_PLATFORMS = "iphoneos iphonesimulator";
				SUPPORTS_MACCATALYST = NO;
				SUPPORTS_MAC_DESIGNED_FOR_IPHONE_IPAD = NO;
				SWIFT_EMIT_LOC_STRINGS = YES;
				SWIFT_VERSION = 5.0;
				TARGETED_DEVICE_FAMILY = 1;
			};
			name = Debug;
		};
		D3A25FD22B8ACDB6009D8D2B /* Release */ = {
			isa = XCBuildConfiguration;
			buildSettings = {
				ASSETCATALOG_COMPILER_APPICON_NAME = AppIcon;
				ASSETCATALOG_COMPILER_GLOBAL_ACCENT_COLOR_NAME = AccentColor;
				CODE_SIGN_STYLE = Automatic;
				CURRENT_PROJECT_VERSION = 1;
				DEVELOPMENT_TEAM = 8F338LN7K7;
				GENERATE_INFOPLIST_FILE = YES;
				INFOPLIST_FILE = TheMovieDB/Info.plist;
				INFOPLIST_KEY_UIApplicationSupportsIndirectInputEvents = YES;
				INFOPLIST_KEY_UILaunchStoryboardName = LaunchScreen;
				INFOPLIST_KEY_UIMainStoryboardFile = "";
				INFOPLIST_KEY_UIStatusBarStyle = UIStatusBarStyleLightContent;
				INFOPLIST_KEY_UISupportedInterfaceOrientations = UIInterfaceOrientationPortrait;
				INFOPLIST_KEY_UISupportedInterfaceOrientations_iPad = "UIInterfaceOrientationLandscapeLeft UIInterfaceOrientationLandscapeRight UIInterfaceOrientationPortrait UIInterfaceOrientationPortraitUpsideDown";
				LD_RUNPATH_SEARCH_PATHS = (
					"$(inherited)",
					"@executable_path/Frameworks",
				);
				MARKETING_VERSION = 1.0;
				PRODUCT_BUNDLE_IDENTIFIER = com.vinculosestrategicos.TheMovieDB;
				PRODUCT_NAME = "$(TARGET_NAME)";
				SUPPORTED_PLATFORMS = "iphoneos iphonesimulator";
				SUPPORTS_MACCATALYST = NO;
				SUPPORTS_MAC_DESIGNED_FOR_IPHONE_IPAD = NO;
				SWIFT_EMIT_LOC_STRINGS = YES;
				SWIFT_VERSION = 5.0;
				TARGETED_DEVICE_FAMILY = 1;
			};
			name = Release;
		};
		D3A25FD42B8ACDB6009D8D2B /* Debug */ = {
			isa = XCBuildConfiguration;
			buildSettings = {
				ALWAYS_EMBED_SWIFT_STANDARD_LIBRARIES = YES;
				BUNDLE_LOADER = "$(TEST_HOST)";
				CODE_SIGN_STYLE = Automatic;
				CURRENT_PROJECT_VERSION = 1;
				DEVELOPMENT_TEAM = 8F338LN7K7;
				GENERATE_INFOPLIST_FILE = YES;
				IPHONEOS_DEPLOYMENT_TARGET = 16.4;
				MARKETING_VERSION = 1.0;
				PRODUCT_BUNDLE_IDENTIFIER = com.vinculosestrategicos.TheMovieDBTests;
				PRODUCT_NAME = "$(TARGET_NAME)";
				SWIFT_EMIT_LOC_STRINGS = NO;
				SWIFT_VERSION = 5.0;
				TARGETED_DEVICE_FAMILY = "1,2";
				TEST_HOST = "$(BUILT_PRODUCTS_DIR)/TheMovieDB.app/$(BUNDLE_EXECUTABLE_FOLDER_PATH)/TheMovieDB";
			};
			name = Debug;
		};
		D3A25FD52B8ACDB6009D8D2B /* Release */ = {
			isa = XCBuildConfiguration;
			buildSettings = {
				ALWAYS_EMBED_SWIFT_STANDARD_LIBRARIES = YES;
				BUNDLE_LOADER = "$(TEST_HOST)";
				CODE_SIGN_STYLE = Automatic;
				CURRENT_PROJECT_VERSION = 1;
				DEVELOPMENT_TEAM = 8F338LN7K7;
				GENERATE_INFOPLIST_FILE = YES;
				IPHONEOS_DEPLOYMENT_TARGET = 16.4;
				MARKETING_VERSION = 1.0;
				PRODUCT_BUNDLE_IDENTIFIER = com.vinculosestrategicos.TheMovieDBTests;
				PRODUCT_NAME = "$(TARGET_NAME)";
				SWIFT_EMIT_LOC_STRINGS = NO;
				SWIFT_VERSION = 5.0;
				TARGETED_DEVICE_FAMILY = "1,2";
				TEST_HOST = "$(BUILT_PRODUCTS_DIR)/TheMovieDB.app/$(BUNDLE_EXECUTABLE_FOLDER_PATH)/TheMovieDB";
			};
			name = Release;
		};
		D3A25FD72B8ACDB6009D8D2B /* Debug */ = {
			isa = XCBuildConfiguration;
			buildSettings = {
				ALWAYS_EMBED_SWIFT_STANDARD_LIBRARIES = YES;
				CODE_SIGN_STYLE = Automatic;
				CURRENT_PROJECT_VERSION = 1;
				DEVELOPMENT_TEAM = 8F338LN7K7;
				GENERATE_INFOPLIST_FILE = YES;
				MARKETING_VERSION = 1.0;
				PRODUCT_BUNDLE_IDENTIFIER = com.vinculosestrategicos.TheMovieDBUITests;
				PRODUCT_NAME = "$(TARGET_NAME)";
				SWIFT_EMIT_LOC_STRINGS = NO;
				SWIFT_VERSION = 5.0;
				TARGETED_DEVICE_FAMILY = "1,2";
				TEST_TARGET_NAME = TheMovieDB;
			};
			name = Debug;
		};
		D3A25FD82B8ACDB6009D8D2B /* Release */ = {
			isa = XCBuildConfiguration;
			buildSettings = {
				ALWAYS_EMBED_SWIFT_STANDARD_LIBRARIES = YES;
				CODE_SIGN_STYLE = Automatic;
				CURRENT_PROJECT_VERSION = 1;
				DEVELOPMENT_TEAM = 8F338LN7K7;
				GENERATE_INFOPLIST_FILE = YES;
				MARKETING_VERSION = 1.0;
				PRODUCT_BUNDLE_IDENTIFIER = com.vinculosestrategicos.TheMovieDBUITests;
				PRODUCT_NAME = "$(TARGET_NAME)";
				SWIFT_EMIT_LOC_STRINGS = NO;
				SWIFT_VERSION = 5.0;
				TARGETED_DEVICE_FAMILY = "1,2";
				TEST_TARGET_NAME = TheMovieDB;
			};
			name = Release;
		};
/* End XCBuildConfiguration section */

/* Begin XCConfigurationList section */
		D3A25FA12B8ACDB4009D8D2B /* Build configuration list for PBXProject "TheMovieDB" */ = {
			isa = XCConfigurationList;
			buildConfigurations = (
				D3A25FCE2B8ACDB6009D8D2B /* Debug */,
				D3A25FCF2B8ACDB6009D8D2B /* Release */,
			);
			defaultConfigurationIsVisible = 0;
			defaultConfigurationName = Release;
		};
		D3A25FD02B8ACDB6009D8D2B /* Build configuration list for PBXNativeTarget "TheMovieDB" */ = {
			isa = XCConfigurationList;
			buildConfigurations = (
				D3A25FD12B8ACDB6009D8D2B /* Debug */,
				D3A25FD22B8ACDB6009D8D2B /* Release */,
			);
			defaultConfigurationIsVisible = 0;
			defaultConfigurationName = Release;
		};
		D3A25FD32B8ACDB6009D8D2B /* Build configuration list for PBXNativeTarget "TheMovieDBTests" */ = {
			isa = XCConfigurationList;
			buildConfigurations = (
				D3A25FD42B8ACDB6009D8D2B /* Debug */,
				D3A25FD52B8ACDB6009D8D2B /* Release */,
			);
			defaultConfigurationIsVisible = 0;
			defaultConfigurationName = Release;
		};
		D3A25FD62B8ACDB6009D8D2B /* Build configuration list for PBXNativeTarget "TheMovieDBUITests" */ = {
			isa = XCConfigurationList;
			buildConfigurations = (
				D3A25FD72B8ACDB6009D8D2B /* Debug */,
				D3A25FD82B8ACDB6009D8D2B /* Release */,
			);
			defaultConfigurationIsVisible = 0;
			defaultConfigurationName = Release;
		};
/* End XCConfigurationList section */

/* Begin XCRemoteSwiftPackageReference section */
		D33F60A02B8D68F300C1B2A8 /* XCRemoteSwiftPackageReference "Alamofire" */ = {
			isa = XCRemoteSwiftPackageReference;
			repositoryURL = "https://github.com/Alamofire/Alamofire.git";
			requirement = {
				kind = upToNextMajorVersion;
				minimumVersion = 5.0.0;
			};
		};
		D346A7252B8E642200393153 /* XCRemoteSwiftPackageReference "AlamofireImage" */ = {
			isa = XCRemoteSwiftPackageReference;
			repositoryURL = "https://github.com/Alamofire/AlamofireImage.git";
			requirement = {
				kind = upToNextMajorVersion;
				minimumVersion = 4.0.0;
			};
		};
/* End XCRemoteSwiftPackageReference section */

/* Begin XCSwiftPackageProductDependency section */
		D33F60A12B8D68F300C1B2A8 /* Alamofire */ = {
			isa = XCSwiftPackageProductDependency;
			package = D33F60A02B8D68F300C1B2A8 /* XCRemoteSwiftPackageReference "Alamofire" */;
			productName = Alamofire;
		};
		D346A7262B8E642200393153 /* AlamofireImage */ = {
			isa = XCSwiftPackageProductDependency;
			package = D346A7252B8E642200393153 /* XCRemoteSwiftPackageReference "AlamofireImage" */;
			productName = AlamofireImage;
		};
/* End XCSwiftPackageProductDependency section */
	};
	rootObject = D3A25F9E2B8ACDB4009D8D2B /* Project object */;
}
